// !$*UTF8*$!
{
	archiveVersion = 1;
	classes = {
	};
	objectVersion = 51;
	objects = {

/* Begin PBXBuildFile section */
		B806B7CC2361A60D0026C2B5 /* SettingsController.swift in Sources */ = {isa = PBXBuildFile; fileRef = B806B7CB2361A60D0026C2B5 /* SettingsController.swift */; };
		60E1A6BD2361A86E00461E65 /* Localisation.strings in Resources */ = {isa = PBXBuildFile; fileRef = 60E1A6BF2361A86E00461E65 /* Localisation.strings */; };
		B876BDF92360885B00268FE6 /* Settings.bundle in Resources */ = {isa = PBXBuildFile; fileRef = B876BDF82360885B00268FE6 /* Settings.bundle */; };
		B876BDFB2360947000268FE6 /* SettingsViewController.swift in Sources */ = {isa = PBXBuildFile; fileRef = B876BDFA2360947000268FE6 /* SettingsViewController.swift */; };
		B8FBCEEF236055EF00E4476B /* AppDelegate.swift in Sources */ = {isa = PBXBuildFile; fileRef = B8FBCEEE236055EF00E4476B /* AppDelegate.swift */; };
		B8FBCEF1236055EF00E4476B /* SceneDelegate.swift in Sources */ = {isa = PBXBuildFile; fileRef = B8FBCEF0236055EF00E4476B /* SceneDelegate.swift */; };
		B8FBCEF3236055EF00E4476B /* FirstViewController.swift in Sources */ = {isa = PBXBuildFile; fileRef = B8FBCEF2236055EF00E4476B /* FirstViewController.swift */; };
		B8FBCEF8236055EF00E4476B /* Main.storyboard in Resources */ = {isa = PBXBuildFile; fileRef = B8FBCEF6236055EF00E4476B /* Main.storyboard */; };
		B8FBCEFA236055F100E4476B /* Assets.xcassets in Resources */ = {isa = PBXBuildFile; fileRef = B8FBCEF9236055F100E4476B /* Assets.xcassets */; };
		B8FBCEFD236055F100E4476B /* LaunchScreen.storyboard in Resources */ = {isa = PBXBuildFile; fileRef = B8FBCEFB236055F100E4476B /* LaunchScreen.storyboard */; };
		BEBF12C530FCF7AD08A2AA98 /* Pods_where.framework in Frameworks */ = {isa = PBXBuildFile; fileRef = 3F8A899215502A46203BF914 /* Pods_where.framework */; };
		E97781322360991E0077A91D /* MapDataManager.swift in Sources */ = {isa = PBXBuildFile; fileRef = E97781312360991E0077A91D /* MapDataManager.swift */; };
		E9BEBFFC2360E02100DBE454 /* ApiService.swift in Sources */ = {isa = PBXBuildFile; fileRef = E9BEBFFB2360E02100DBE454 /* ApiService.swift */; };
		E9BEBFFE2361063000DBE454 /* CustomApiService.swift in Sources */ = {isa = PBXBuildFile; fileRef = E9BEBFFD2361063000DBE454 /* CustomApiService.swift */; };
/* End PBXBuildFile section */

/* Begin PBXFileReference section */
		92D999C9B5EDD73B89330812 /* Pods-where.release.xcconfig */ = {isa = PBXFileReference; includeInIndex = 1; lastKnownFileType = text.xcconfig; name = "Pods-where.release.xcconfig"; path = "Target Support Files/Pods-where/Pods-where.release.xcconfig"; sourceTree = "<group>"; };
		4BC71DC1C15D6EF4AF864A56 /* Pods-where.debug.xcconfig */ = {isa = PBXFileReference; includeInIndex = 1; lastKnownFileType = text.xcconfig; name = "Pods-where.debug.xcconfig"; path = "Target Support Files/Pods-where/Pods-where.debug.xcconfig"; sourceTree = "<group>"; };
		3F8A899215502A46203BF914 /* Pods_where.framework */ = {isa = PBXFileReference; explicitFileType = wrapper.framework; includeInIndex = 0; path = Pods_where.framework; sourceTree = BUILT_PRODUCTS_DIR; };
		B806B7CB2361A60D0026C2B5 /* SettingsController.swift */ = {isa = PBXFileReference; lastKnownFileType = sourcecode.swift; path = SettingsController.swift; sourceTree = "<group>"; };
		60E1A6B52361A74100461E65 /* fr */ = {isa = PBXFileReference; lastKnownFileType = text.plist.strings; name = fr; path = fr.lproj/Main.strings; sourceTree = "<group>"; };
		60E1A6B62361A74100461E65 /* fr */ = {isa = PBXFileReference; lastKnownFileType = text.plist.strings; name = fr; path = fr.lproj/LaunchScreen.strings; sourceTree = "<group>"; };
		60E1A6B82361A77E00461E65 /* en-GB */ = {isa = PBXFileReference; lastKnownFileType = text.plist.strings; name = "en-GB"; path = "en-GB.lproj/LaunchScreen.strings"; sourceTree = "<group>"; };
		60E1A6BA2361A7D000461E65 /* en */ = {isa = PBXFileReference; lastKnownFileType = text.plist.strings; name = en; path = en.lproj/Main.strings; sourceTree = "<group>"; };
		60E1A6BE2361A86E00461E65 /* en */ = {isa = PBXFileReference; lastKnownFileType = text.plist.strings; name = en; path = en.lproj/Localisation.strings; sourceTree = "<group>"; };
		60E1A6C12361A89500461E65 /* en-GB */ = {isa = PBXFileReference; lastKnownFileType = text.plist.strings; name = "en-GB"; path = "en-GB.lproj/Localisation.strings"; sourceTree = "<group>"; };
		60E1A6C22361C87E00461E65 /* fr */ = {isa = PBXFileReference; lastKnownFileType = text.plist.strings; name = fr; path = fr.lproj/Localisation.strings; sourceTree = "<group>"; };
		60E1A6C32361CAF000461E65 /* en-GB */ = {isa = PBXFileReference; lastKnownFileType = text.plist.strings; name = "en-GB"; path = "en-GB.lproj/Main.strings"; sourceTree = "<group>"; };
		B876BDF82360885B00268FE6 /* Settings.bundle */ = {isa = PBXFileReference; lastKnownFileType = "wrapper.plug-in"; path = Settings.bundle; sourceTree = "<group>"; };
		B876BDFA2360947000268FE6 /* SettingsViewController.swift */ = {isa = PBXFileReference; lastKnownFileType = sourcecode.swift; path = SettingsViewController.swift; sourceTree = "<group>"; };
		B8FBCEEB236055EF00E4476B /* where.app */ = {isa = PBXFileReference; explicitFileType = wrapper.application; includeInIndex = 0; path = where.app; sourceTree = BUILT_PRODUCTS_DIR; };
		B8FBCEEE236055EF00E4476B /* AppDelegate.swift */ = {isa = PBXFileReference; lastKnownFileType = sourcecode.swift; path = AppDelegate.swift; sourceTree = "<group>"; };
		B8FBCEF0236055EF00E4476B /* SceneDelegate.swift */ = {isa = PBXFileReference; lastKnownFileType = sourcecode.swift; path = SceneDelegate.swift; sourceTree = "<group>"; };
		B8FBCEF2236055EF00E4476B /* FirstViewController.swift */ = {isa = PBXFileReference; lastKnownFileType = sourcecode.swift; path = FirstViewController.swift; sourceTree = "<group>"; };
		B8FBCEF7236055EF00E4476B /* Base */ = {isa = PBXFileReference; lastKnownFileType = file.storyboard; name = Base; path = Base.lproj/Main.storyboard; sourceTree = "<group>"; };
		B8FBCEF9236055F100E4476B /* Assets.xcassets */ = {isa = PBXFileReference; lastKnownFileType = folder.assetcatalog; path = Assets.xcassets; sourceTree = "<group>"; };
		B8FBCEFC236055F100E4476B /* Base */ = {isa = PBXFileReference; lastKnownFileType = file.storyboard; name = Base; path = Base.lproj/LaunchScreen.storyboard; sourceTree = "<group>"; };
		B8FBCEFE236055F100E4476B /* Info.plist */ = {isa = PBXFileReference; lastKnownFileType = text.plist.xml; path = Info.plist; sourceTree = "<group>"; };
		E97781312360991E0077A91D /* MapDataManager.swift */ = {isa = PBXFileReference; lastKnownFileType = sourcecode.swift; path = MapDataManager.swift; sourceTree = "<group>"; };
		E9BEBFFB2360E02100DBE454 /* ApiService.swift */ = {isa = PBXFileReference; lastKnownFileType = sourcecode.swift; path = ApiService.swift; sourceTree = "<group>"; };
		E9BEBFFD2361063000DBE454 /* CustomApiService.swift */ = {isa = PBXFileReference; lastKnownFileType = sourcecode.swift; path = CustomApiService.swift; sourceTree = "<group>"; };
/* End PBXFileReference section */

/* Begin PBXFrameworksBuildPhase section */
		B8FBCEE8236055EF00E4476B /* Frameworks */ = {
			isa = PBXFrameworksBuildPhase;
			buildActionMask = 2147483647;
			files = (
				BEBF12C530FCF7AD08A2AA98 /* Pods_where.framework in Frameworks */,
			);
			runOnlyForDeploymentPostprocessing = 0;
		};
/* End PBXFrameworksBuildPhase section */

/* Begin PBXGroup section */
		AD9340FD2361C52D00F310CF /* storyboard */ = {
			isa = PBXGroup;
			children = (
				B8FBCEF6236055EF00E4476B /* Main.storyboard */,
				B8FBCEFB236055F100E4476B /* LaunchScreen.storyboard */,
			);
			path = storyboard;
			sourceTree = "<group>";
		};
		A064F53CDAFA5D9C5F9360BC /* Frameworks */ = {
			isa = PBXGroup;
			children = (
				3F8A899215502A46203BF914 /* Pods_where.framework */,
			);
			name = Frameworks;
			sourceTree = "<group>";
		};
		B8464DDB2360596A002AF936 /* controller */ = {
			isa = PBXGroup;
			children = (
				B8FBCEF2236055EF00E4476B /* FirstViewController.swift */,
				B8464DDE23605A51002AF936 /* SettingsViewController.swift */,
			);
			path = controller;
			sourceTree = "<group>";
		};
		B8464DDD23605990002AF936 /* view */ = {
			isa = PBXGroup;
			children = (
				AD9340FD2361C52D00F310CF /* storyboard */,
			);
			path = view;
			sourceTree = "<group>";
		};
		B8FBCEE2236055EF00E4476B = {
			isa = PBXGroup;
			children = (
				B8FBCEED236055EF00E4476B /* where */,
				B8FBCEEC236055EF00E4476B /* Products */,
				E67351904AE0F13FFD58EFBF /* Pods */,
				A064F53CDAFA5D9C5F9360BC /* Frameworks */,
			);
			sourceTree = "<group>";
		};
		B8FBCEEC236055EF00E4476B /* Products */ = {
			isa = PBXGroup;
			children = (
				B8FBCEEB236055EF00E4476B /* where.app */,
			);
			name = Products;
			sourceTree = "<group>";
		};
		B8FBCEED236055EF00E4476B /* where */ = {
			isa = PBXGroup;
			children = (
				E9BEBFFA2360DFFD00DBE454 /* model */,
				B8464DDD23605990002AF936 /* view */,
				B8464DDB2360596A002AF936 /* controller */,
				B8FBCEEE236055EF00E4476B /* AppDelegate.swift */,
				B8FBCEF0236055EF00E4476B /* SceneDelegate.swift */,
				B8FBCEF2236055EF00E4476B /* FirstViewController.swift */,
				60E1A6BF2361A86E00461E65 /* Localisation.strings */,
				B8FBCEF4236055EF00E4476B /* SecondViewController.swift */,
				B8FBCEF6236055EF00E4476B /* Main.storyboard */,
				B876BDFA2360947000268FE6 /* SettingsViewController.swift */,
				B806B7CB2361A60D0026C2B5 /* SettingsController.swift */,
				B8FBCEF9236055F100E4476B /* Assets.xcassets */,
				B8FBCEFE236055F100E4476B /* Info.plist */,
				B876BDF82360885B00268FE6 /* Settings.bundle */,
			);
			path = where;
			sourceTree = "<group>";
		};
		E67351904AE0F13FFD58EFBF /* Pods */ = {
			isa = PBXGroup;
			children = (
				4BC71DC1C15D6EF4AF864A56 /* Pods-where.debug.xcconfig */,
				92D999C9B5EDD73B89330812 /* Pods-where.release.xcconfig */,
			);
			path = Pods;
			sourceTree = "<group>";
		};
		E9778130236098BD0077A91D /* manager */ = {
			isa = PBXGroup;
			children = (
				E97781312360991E0077A91D /* MapDataManager.swift */,
				E9BEBFFB2360E02100DBE454 /* ApiService.swift */,
				E9BEBFFD2361063000DBE454 /* CustomApiService.swift */,
			);
			path = manager;
			sourceTree = "<group>";
		};
		E9BEBFFA2360DFFD00DBE454 /* model */ = {
			isa = PBXGroup;
			children = (
				E9778130236098BD0077A91D /* manager */,
			);
			path = model;
			sourceTree = "<group>";
		};
/* End PBXGroup section */

/* Begin PBXNativeTarget section */
		B8FBCEEA236055EF00E4476B /* where */ = {
			isa = PBXNativeTarget;
			buildConfigurationList = B8FBCF01236055F100E4476B /* Build configuration list for PBXNativeTarget "where" */;
			buildPhases = (
				52E125B6AD155B70B9D3485B /* [CP] Check Pods Manifest.lock */,
				B8FBCEE7236055EF00E4476B /* Sources */,
				B8FBCEE8236055EF00E4476B /* Frameworks */,
				B8FBCEE9236055EF00E4476B /* Resources */,
				BBB5626853316652AFAC9949 /* [CP] Embed Pods Frameworks */,
			);
			buildRules = (
			);
			dependencies = (
			);
			name = where;
			productName = where;
			productReference = B8FBCEEB236055EF00E4476B /* where.app */;
			productType = "com.apple.product-type.application";
		};
/* End PBXNativeTarget section */

/* Begin PBXProject section */
		B8FBCEE3236055EF00E4476B /* Project object */ = {
			isa = PBXProject;
			attributes = {
				LastSwiftUpdateCheck = 1110;
				LastUpgradeCheck = 1110;
				ORGANIZATIONNAME = Elite;
				TargetAttributes = {
					B8FBCEEA236055EF00E4476B = {
						CreatedOnToolsVersion = 11.1;
					};
				};
			};
			buildConfigurationList = B8FBCEE6236055EF00E4476B /* Build configuration list for PBXProject "where" */;
			compatibilityVersion = "Xcode 9.3";
			developmentRegion = en;
			hasScannedForEncodings = 0;
			knownRegions = (
				en,
				Base,
				fr,
				"en-GB",
			);
			mainGroup = B8FBCEE2236055EF00E4476B;
			productRefGroup = B8FBCEEC236055EF00E4476B /* Products */;
			projectDirPath = "";
			projectRoot = "";
			targets = (
				B8FBCEEA236055EF00E4476B /* where */,
			);
		};
/* End PBXProject section */

/* Begin PBXResourcesBuildPhase section */
		B8FBCEE9236055EF00E4476B /* Resources */ = {
			isa = PBXResourcesBuildPhase;
			buildActionMask = 2147483647;
			files = (
				B876BDF92360885B00268FE6 /* Settings.bundle in Resources */,
				60E1A6BD2361A86E00461E65 /* Localisation.strings in Resources */,
				B8FBCEFD236055F100E4476B /* LaunchScreen.storyboard in Resources */,
				B8FBCEFA236055F100E4476B /* Assets.xcassets in Resources */,
				B8FBCEF8236055EF00E4476B /* Main.storyboard in Resources */,
			);
			runOnlyForDeploymentPostprocessing = 0;
		};
/* End PBXResourcesBuildPhase section */

/* Begin PBXShellScriptBuildPhase section */
		52E125B6AD155B70B9D3485B /* [CP] Check Pods Manifest.lock */ = {
			isa = PBXShellScriptBuildPhase;
			buildActionMask = 2147483647;
			files = (
			);
			inputFileListPaths = (
			);
			inputPaths = (
				"${PODS_PODFILE_DIR_PATH}/Podfile.lock",
				"${PODS_ROOT}/Manifest.lock",
			);
			name = "[CP] Check Pods Manifest.lock";
			outputFileListPaths = (
			);
			outputPaths = (
				"$(DERIVED_FILE_DIR)/Pods-where-checkManifestLockResult.txt",
			);
			runOnlyForDeploymentPostprocessing = 0;
			shellPath = /bin/sh;
			shellScript = "diff \"${PODS_PODFILE_DIR_PATH}/Podfile.lock\" \"${PODS_ROOT}/Manifest.lock\" > /dev/null\nif [ $? != 0 ] ; then\n    # print error to STDERR\n    echo \"error: The sandbox is not in sync with the Podfile.lock. Run 'pod install' or update your CocoaPods installation.\" >&2\n    exit 1\nfi\n# This output is used by Xcode 'outputs' to avoid re-running this script phase.\necho \"SUCCESS\" > \"${SCRIPT_OUTPUT_FILE_0}\"\n";
			showEnvVarsInLog = 0;
		};
		BBB5626853316652AFAC9949 /* [CP] Embed Pods Frameworks */ = {
			isa = PBXShellScriptBuildPhase;
			buildActionMask = 2147483647;
			files = (
			);
			inputFileListPaths = (
				"${PODS_ROOT}/Target Support Files/Pods-where/Pods-where-frameworks-${CONFIGURATION}-input-files.xcfilelist",
			);
			name = "[CP] Embed Pods Frameworks";
			outputFileListPaths = (
				"${PODS_ROOT}/Target Support Files/Pods-where/Pods-where-frameworks-${CONFIGURATION}-output-files.xcfilelist",
			);
			runOnlyForDeploymentPostprocessing = 0;
			shellPath = /bin/sh;
			shellScript = "\"${PODS_ROOT}/Target Support Files/Pods-where/Pods-where-frameworks.sh\"\n";
			showEnvVarsInLog = 0;
		};
/* End PBXShellScriptBuildPhase section */

/* Begin PBXSourcesBuildPhase section */
		B8FBCEE7236055EF00E4476B /* Sources */ = {
			isa = PBXSourcesBuildPhase;
			buildActionMask = 2147483647;
			files = (
				B806B7CC2361A60D0026C2B5 /* SettingsController.swift in Sources */,
				B876BDFB2360947000268FE6 /* SettingsViewController.swift in Sources */,
				B8FBCEF5236055EF00E4476B /* SecondViewController.swift in Sources */,
				B8FBCEF3236055EF00E4476B /* FirstViewController.swift in Sources */,
				B8FBCEEF236055EF00E4476B /* AppDelegate.swift in Sources */,
				E97781322360991E0077A91D /* MapDataManager.swift in Sources */,
				E9BEBFFC2360E02100DBE454 /* ApiService.swift in Sources */,
				B8FBCEF1236055EF00E4476B /* SceneDelegate.swift in Sources */,
				E9BEBFFE2361063000DBE454 /* CustomApiService.swift in Sources */,
			);
			runOnlyForDeploymentPostprocessing = 0;
		};
/* End PBXSourcesBuildPhase section */

/* Begin PBXVariantGroup section */
		60E1A6BF2361A86E00461E65 /* Localisation.strings */ = {
			isa = PBXVariantGroup;
			children = (
				60E1A6BE2361A86E00461E65 /* en */,
				60E1A6C12361A89500461E65 /* en-GB */,
				60E1A6C22361C87E00461E65 /* fr */,
			);
			name = Localisation.strings;
			sourceTree = "<group>";
		};
		B8FBCEF6236055EF00E4476B /* Main.storyboard */ = {
			isa = PBXVariantGroup;
			children = (
				B8FBCEF7236055EF00E4476B /* Base */,
				60E1A6B52361A74100461E65 /* fr */,
				60E1A6BA2361A7D000461E65 /* en */,
				60E1A6C32361CAF000461E65 /* en-GB */,
			);
			name = Main.storyboard;
			sourceTree = "<group>";
		};
		B8FBCEFB236055F100E4476B /* LaunchScreen.storyboard */ = {
			isa = PBXVariantGroup;
			children = (
				B8FBCEFC236055F100E4476B /* Base */,
				60E1A6B62361A74100461E65 /* fr */,
				60E1A6B82361A77E00461E65 /* en-GB */,
			);
			name = LaunchScreen.storyboard;
			sourceTree = "<group>";
		};
/* End PBXVariantGroup section */

/* Begin XCBuildConfiguration section */
		B8FBCEFF236055F100E4476B /* Debug */ = {
			isa = XCBuildConfiguration;
			buildSettings = {
				ALWAYS_SEARCH_USER_PATHS = NO;
				CLANG_ANALYZER_LOCALIZABILITY_NONLOCALIZED = YES;
				CLANG_ANALYZER_NONNULL = YES;
				CLANG_ANALYZER_NUMBER_OBJECT_CONVERSION = YES_AGGRESSIVE;
				CLANG_CXX_LANGUAGE_STANDARD = "gnu++14";
				CLANG_CXX_LIBRARY = "libc++";
				CLANG_ENABLE_MODULES = YES;
				CLANG_ENABLE_OBJC_ARC = YES;
				CLANG_ENABLE_OBJC_WEAK = YES;
				CLANG_WARN_BLOCK_CAPTURE_AUTORELEASING = YES;
				CLANG_WARN_BOOL_CONVERSION = YES;
				CLANG_WARN_COMMA = YES;
				CLANG_WARN_CONSTANT_CONVERSION = YES;
				CLANG_WARN_DEPRECATED_OBJC_IMPLEMENTATIONS = YES;
				CLANG_WARN_DIRECT_OBJC_ISA_USAGE = YES_ERROR;
				CLANG_WARN_DOCUMENTATION_COMMENTS = YES;
				CLANG_WARN_EMPTY_BODY = YES;
				CLANG_WARN_ENUM_CONVERSION = YES;
				CLANG_WARN_INFINITE_RECURSION = YES;
				CLANG_WARN_INT_CONVERSION = YES;
				CLANG_WARN_NON_LITERAL_NULL_CONVERSION = YES;
				CLANG_WARN_OBJC_IMPLICIT_RETAIN_SELF = YES;
				CLANG_WARN_OBJC_LITERAL_CONVERSION = YES;
				CLANG_WARN_OBJC_ROOT_CLASS = YES_ERROR;
				CLANG_WARN_RANGE_LOOP_ANALYSIS = YES;
				CLANG_WARN_STRICT_PROTOTYPES = YES;
				CLANG_WARN_SUSPICIOUS_MOVE = YES;
				CLANG_WARN_UNGUARDED_AVAILABILITY = YES_AGGRESSIVE;
				CLANG_WARN_UNREACHABLE_CODE = YES;
				CLANG_WARN__DUPLICATE_METHOD_MATCH = YES;
				COPY_PHASE_STRIP = NO;
				DEBUG_INFORMATION_FORMAT = dwarf;
				ENABLE_STRICT_OBJC_MSGSEND = YES;
				ENABLE_TESTABILITY = YES;
				GCC_C_LANGUAGE_STANDARD = gnu11;
				GCC_DYNAMIC_NO_PIC = NO;
				GCC_NO_COMMON_BLOCKS = YES;
				GCC_OPTIMIZATION_LEVEL = 0;
				GCC_PREPROCESSOR_DEFINITIONS = (
					"DEBUG=1",
					"$(inherited)",
				);
				GCC_WARN_64_TO_32_BIT_CONVERSION = YES;
				GCC_WARN_ABOUT_RETURN_TYPE = YES_ERROR;
				GCC_WARN_UNDECLARED_SELECTOR = YES;
				GCC_WARN_UNINITIALIZED_AUTOS = YES_AGGRESSIVE;
				GCC_WARN_UNUSED_FUNCTION = YES;
				GCC_WARN_UNUSED_VARIABLE = YES;
				IPHONEOS_DEPLOYMENT_TARGET = 13.1;
				MTL_ENABLE_DEBUG_INFO = INCLUDE_SOURCE;
				MTL_FAST_MATH = YES;
				ONLY_ACTIVE_ARCH = YES;
				SDKROOT = iphoneos;
				SWIFT_ACTIVE_COMPILATION_CONDITIONS = DEBUG;
				SWIFT_OPTIMIZATION_LEVEL = "-Onone";
			};
			name = Debug;
		};
		B8FBCF00236055F100E4476B /* Release */ = {
			isa = XCBuildConfiguration;
			buildSettings = {
				ALWAYS_SEARCH_USER_PATHS = NO;
				CLANG_ANALYZER_LOCALIZABILITY_NONLOCALIZED = YES;
				CLANG_ANALYZER_NONNULL = YES;
				CLANG_ANALYZER_NUMBER_OBJECT_CONVERSION = YES_AGGRESSIVE;
				CLANG_CXX_LANGUAGE_STANDARD = "gnu++14";
				CLANG_CXX_LIBRARY = "libc++";
				CLANG_ENABLE_MODULES = YES;
				CLANG_ENABLE_OBJC_ARC = YES;
				CLANG_ENABLE_OBJC_WEAK = YES;
				CLANG_WARN_BLOCK_CAPTURE_AUTORELEASING = YES;
				CLANG_WARN_BOOL_CONVERSION = YES;
				CLANG_WARN_COMMA = YES;
				CLANG_WARN_CONSTANT_CONVERSION = YES;
				CLANG_WARN_DEPRECATED_OBJC_IMPLEMENTATIONS = YES;
				CLANG_WARN_DIRECT_OBJC_ISA_USAGE = YES_ERROR;
				CLANG_WARN_DOCUMENTATION_COMMENTS = YES;
				CLANG_WARN_EMPTY_BODY = YES;
				CLANG_WARN_ENUM_CONVERSION = YES;
				CLANG_WARN_INFINITE_RECURSION = YES;
				CLANG_WARN_INT_CONVERSION = YES;
				CLANG_WARN_NON_LITERAL_NULL_CONVERSION = YES;
				CLANG_WARN_OBJC_IMPLICIT_RETAIN_SELF = YES;
				CLANG_WARN_OBJC_LITERAL_CONVERSION = YES;
				CLANG_WARN_OBJC_ROOT_CLASS = YES_ERROR;
				CLANG_WARN_RANGE_LOOP_ANALYSIS = YES;
				CLANG_WARN_STRICT_PROTOTYPES = YES;
				CLANG_WARN_SUSPICIOUS_MOVE = YES;
				CLANG_WARN_UNGUARDED_AVAILABILITY = YES_AGGRESSIVE;
				CLANG_WARN_UNREACHABLE_CODE = YES;
				CLANG_WARN__DUPLICATE_METHOD_MATCH = YES;
				COPY_PHASE_STRIP = NO;
				DEBUG_INFORMATION_FORMAT = "dwarf-with-dsym";
				ENABLE_NS_ASSERTIONS = NO;
				ENABLE_STRICT_OBJC_MSGSEND = YES;
				GCC_C_LANGUAGE_STANDARD = gnu11;
				GCC_NO_COMMON_BLOCKS = YES;
				GCC_WARN_64_TO_32_BIT_CONVERSION = YES;
				GCC_WARN_ABOUT_RETURN_TYPE = YES_ERROR;
				GCC_WARN_UNDECLARED_SELECTOR = YES;
				GCC_WARN_UNINITIALIZED_AUTOS = YES_AGGRESSIVE;
				GCC_WARN_UNUSED_FUNCTION = YES;
				GCC_WARN_UNUSED_VARIABLE = YES;
				IPHONEOS_DEPLOYMENT_TARGET = 13.1;
				MTL_ENABLE_DEBUG_INFO = NO;
				MTL_FAST_MATH = YES;
				SDKROOT = iphoneos;
				SWIFT_COMPILATION_MODE = wholemodule;
				SWIFT_OPTIMIZATION_LEVEL = "-O";
				VALIDATE_PRODUCT = YES;
			};
			name = Release;
		};
		B8FBCF02236055F100E4476B /* Debug */ = {
			isa = XCBuildConfiguration;
			baseConfigurationReference = 4BC71DC1C15D6EF4AF864A56 /* Pods-where.debug.xcconfig */;
			buildSettings = {
				ASSETCATALOG_COMPILER_APPICON_NAME = AppIcon;
				CODE_SIGN_STYLE = Automatic;
				INFOPLIST_FILE = where/Info.plist;
				IPHONEOS_DEPLOYMENT_TARGET = 12.1;
				LD_RUNPATH_SEARCH_PATHS = (
					"$(inherited)",
					"@executable_path/Frameworks",
				);
				PRODUCT_BUNDLE_IDENTIFIER = com.where;
				PRODUCT_NAME = "$(TARGET_NAME)";
				SWIFT_VERSION = 4.0;
				TARGETED_DEVICE_FAMILY = 1;
			};
			name = Debug;
		};
		B8FBCF03236055F100E4476B /* Release */ = {
			isa = XCBuildConfiguration;
			baseConfigurationReference = 92D999C9B5EDD73B89330812 /* Pods-where.release.xcconfig */;
			buildSettings = {
				ASSETCATALOG_COMPILER_APPICON_NAME = AppIcon;
				CODE_SIGN_STYLE = Automatic;
				INFOPLIST_FILE = where/Info.plist;
				IPHONEOS_DEPLOYMENT_TARGET = 12.1;
				LD_RUNPATH_SEARCH_PATHS = (
					"$(inherited)",
					"@executable_path/Frameworks",
				);
				PRODUCT_BUNDLE_IDENTIFIER = com.where;
				PRODUCT_NAME = "$(TARGET_NAME)";
				SWIFT_VERSION = 4.0;
				TARGETED_DEVICE_FAMILY = 1;
			};
			name = Release;
		};
/* End XCBuildConfiguration section */

/* Begin XCConfigurationList section */
		B8FBCEE6236055EF00E4476B /* Build configuration list for PBXProject "where" */ = {
			isa = XCConfigurationList;
			buildConfigurations = (
				B8FBCEFF236055F100E4476B /* Debug */,
				B8FBCF00236055F100E4476B /* Release */,
			);
			defaultConfigurationIsVisible = 0;
			defaultConfigurationName = Release;
		};
		B8FBCF01236055F100E4476B /* Build configuration list for PBXNativeTarget "where" */ = {
			isa = XCConfigurationList;
			buildConfigurations = (
				B8FBCF02236055F100E4476B /* Debug */,
				B8FBCF03236055F100E4476B /* Release */,
			);
			defaultConfigurationIsVisible = 0;
			defaultConfigurationName = Release;
		};
/* End XCConfigurationList section */
	};
	rootObject = B8FBCEE3236055EF00E4476B /* Project object */;
}
